// !$*UTF8*$!
{
	archiveVersion = 1;
	classes = {
	};
	objectVersion = 46;
	objects = {

/* Begin PBXBuildFile section */
		271C05301ADF3B2C008F4D05 /* planarMap.cpp in Sources */ = {isa = PBXBuildFile; fileRef = 271C052E1ADF3B2C008F4D05 /* planarMap.cpp */; };
		272BD4451A70F14B00983FBD /* mathLib.cpp in Sources */ = {isa = PBXBuildFile; fileRef = 272BD4441A70F14B00983FBD /* mathLib.cpp */; };
		2737E8281A743B140046B415 /* disp.cpp in Sources */ = {isa = PBXBuildFile; fileRef = 2737E8231A743B140046B415 /* disp.cpp */; };
		2737E8291A743B140046B415 /* main.cpp in Sources */ = {isa = PBXBuildFile; fileRef = 2737E8261A743B140046B415 /* main.cpp */; };
		275C423B1A8E8BD800D7540D /* test.cpp in Sources */ = {isa = PBXBuildFile; fileRef = 275C42391A8E8BD800D7540D /* test.cpp */; };
		27B9C8621AA622EA00B952EA /* Application3.cpp in Sources */ = {isa = PBXBuildFile; fileRef = 27B9C8601AA622EA00B952EA /* Application3.cpp */; };
		27D1BF871A78546C008D3F7F /* rend.cpp in Sources */ = {isa = PBXBuildFile; fileRef = 27D1BF851A78546C008D3F7F /* rend.cpp */; };
		27D7CEA91AA5B75F00AD9A3F /* Application4.cpp in Sources */ = {isa = PBXBuildFile; fileRef = 27D7CEA71AA5B75F00AD9A3F /* Application4.cpp */; };
		27DA422B1ADD97A2006ED86A /* PenInkApplication.cpp in Sources */ = {isa = PBXBuildFile; fileRef = 27DA42291ADD97A2006ED86A /* PenInkApplication.cpp */; };
		27DA422F1ADDAEDE006ED86A /* stroke.cpp in Sources */ = {isa = PBXBuildFile; fileRef = 27DA422D1ADDAEDE006ED86A /* stroke.cpp */; };
		27DA42331ADDB378006ED86A /* OBJParser.cpp in Sources */ = {isa = PBXBuildFile; fileRef = 27DA42311ADDB378006ED86A /* OBJParser.cpp */; };
		27DA42361ADDC1A5006ED86A /* PenInkIllustrationInfo.cpp in Sources */ = {isa = PBXBuildFile; fileRef = 27DA42341ADDC1A5006ED86A /* PenInkIllustrationInfo.cpp */; };
		27E248271AB1641F0069766E /* tex_fun.cpp in Sources */ = {isa = PBXBuildFile; fileRef = 27E248251AB1641F0069766E /* tex_fun.cpp */; };
/* End PBXBuildFile section */

/* Begin PBXCopyFilesBuildPhase section */
		272BD42A1A70CCE700983FBD /* CopyFiles */ = {
			isa = PBXCopyFilesBuildPhase;
			buildActionMask = 2147483647;
			dstPath = /usr/share/man/man1/;
			dstSubfolderSpec = 0;
			files = (
			);
			runOnlyForDeploymentPostprocessing = 1;
		};
/* End PBXCopyFilesBuildPhase section */

/* Begin PBXFileReference section */
		271C052E1ADF3B2C008F4D05 /* planarMap.cpp */ = {isa = PBXFileReference; fileEncoding = 4; lastKnownFileType = sourcecode.cpp.cpp; path = planarMap.cpp; sourceTree = SOURCE_ROOT; };
		271C052F1ADF3B2C008F4D05 /* planarMap.h */ = {isa = PBXFileReference; fileEncoding = 4; lastKnownFileType = sourcecode.c.h; path = planarMap.h; sourceTree = SOURCE_ROOT; };
		272BD42C1A70CCE700983FBD /* CSCI580_RenderEngine */ = {isa = PBXFileReference; explicitFileType = "compiled.mach-o.executable"; includeInIndex = 0; path = CSCI580_RenderEngine; sourceTree = BUILT_PRODUCTS_DIR; };
		272BD4431A70F12900983FBD /* mathLib.h */ = {isa = PBXFileReference; lastKnownFileType = sourcecode.c.h; path = mathLib.h; sourceTree = SOURCE_ROOT; };
		272BD4441A70F14B00983FBD /* mathLib.cpp */ = {isa = PBXFileReference; fileEncoding = 4; lastKnownFileType = sourcecode.cpp.cpp; path = mathLib.cpp; sourceTree = SOURCE_ROOT; };
		2737E8231A743B140046B415 /* disp.cpp */ = {isa = PBXFileReference; fileEncoding = 4; lastKnownFileType = sourcecode.cpp.cpp; path = disp.cpp; sourceTree = SOURCE_ROOT; };
		2737E8241A743B140046B415 /* disp.h */ = {isa = PBXFileReference; fileEncoding = 4; lastKnownFileType = sourcecode.c.h; path = disp.h; sourceTree = SOURCE_ROOT; };
		2737E8261A743B140046B415 /* main.cpp */ = {isa = PBXFileReference; fileEncoding = 4; lastKnownFileType = sourcecode.cpp.cpp; path = main.cpp; sourceTree = SOURCE_ROOT; };
		275C42391A8E8BD800D7540D /* test.cpp */ = {isa = PBXFileReference; fileEncoding = 4; lastKnownFileType = sourcecode.cpp.cpp; path = test.cpp; sourceTree = SOURCE_ROOT; };
		275C423A1A8E8BD800D7540D /* test.h */ = {isa = PBXFileReference; fileEncoding = 4; lastKnownFileType = sourcecode.c.h; path = test.h; sourceTree = SOURCE_ROOT; };
		27B9C8601AA622EA00B952EA /* Application3.cpp */ = {isa = PBXFileReference; fileEncoding = 4; lastKnownFileType = sourcecode.cpp.cpp; path = Application3.cpp; sourceTree = SOURCE_ROOT; };
		27B9C8611AA622EA00B952EA /* Application3.h */ = {isa = PBXFileReference; fileEncoding = 4; lastKnownFileType = sourcecode.c.h; path = Application3.h; sourceTree = SOURCE_ROOT; };
		27CAF8E31A7731AA00B6F793 /* gz.h */ = {isa = PBXFileReference; lastKnownFileType = sourcecode.c.h; path = gz.h; sourceTree = SOURCE_ROOT; };
		27D1BF831A78546C008D3F7F /* rend.h */ = {isa = PBXFileReference; fileEncoding = 4; lastKnownFileType = sourcecode.c.h; path = rend.h; sourceTree = SOURCE_ROOT; };
		27D1BF851A78546C008D3F7F /* rend.cpp */ = {isa = PBXFileReference; fileEncoding = 4; lastKnownFileType = sourcecode.cpp.cpp; path = rend.cpp; sourceTree = SOURCE_ROOT; };
		27D7CEA71AA5B75F00AD9A3F /* Application4.cpp */ = {isa = PBXFileReference; fileEncoding = 4; lastKnownFileType = sourcecode.cpp.cpp; path = Application4.cpp; sourceTree = SOURCE_ROOT; };
		27D7CEA81AA5B75F00AD9A3F /* Application4.h */ = {isa = PBXFileReference; fileEncoding = 4; lastKnownFileType = sourcecode.c.h; path = Application4.h; sourceTree = SOURCE_ROOT; };
		27DA42291ADD97A2006ED86A /* PenInkApplication.cpp */ = {isa = PBXFileReference; fileEncoding = 4; lastKnownFileType = sourcecode.cpp.cpp; path = PenInkApplication.cpp; sourceTree = SOURCE_ROOT; };
		27DA422A1ADD97A2006ED86A /* PenInkApplication.h */ = {isa = PBXFileReference; fileEncoding = 4; lastKnownFileType = sourcecode.c.h; path = PenInkApplication.h; sourceTree = SOURCE_ROOT; };
		27DA422D1ADDAEDE006ED86A /* stroke.cpp */ = {isa = PBXFileReference; fileEncoding = 4; lastKnownFileType = sourcecode.cpp.cpp; path = stroke.cpp; sourceTree = SOURCE_ROOT; };
		27DA422E1ADDAEDE006ED86A /* stroke.h */ = {isa = PBXFileReference; fileEncoding = 4; lastKnownFileType = sourcecode.c.h; path = stroke.h; sourceTree = SOURCE_ROOT; };
		27DA42311ADDB378006ED86A /* OBJParser.cpp */ = {isa = PBXFileReference; fileEncoding = 4; lastKnownFileType = sourcecode.cpp.cpp; path = OBJParser.cpp; sourceTree = SOURCE_ROOT; };
		27DA42321ADDB378006ED86A /* OBJParser.h */ = {isa = PBXFileReference; fileEncoding = 4; lastKnownFileType = sourcecode.c.h; path = OBJParser.h; sourceTree = SOURCE_ROOT; };
		27DA42341ADDC1A5006ED86A /* PenInkIllustrationInfo.cpp */ = {isa = PBXFileReference; fileEncoding = 4; lastKnownFileType = sourcecode.cpp.cpp; path = PenInkIllustrationInfo.cpp; sourceTree = SOURCE_ROOT; };
		27DA42351ADDC1A5006ED86A /* PenInkIllustrationInfo.h */ = {isa = PBXFileReference; fileEncoding = 4; lastKnownFileType = sourcecode.c.h; path = PenInkIllustrationInfo.h; sourceTree = SOURCE_ROOT; };
		27E248251AB1641F0069766E /* tex_fun.cpp */ = {isa = PBXFileReference; fileEncoding = 4; lastKnownFileType = sourcecode.cpp.cpp; path = tex_fun.cpp; sourceTree = SOURCE_ROOT; };
/* End PBXFileReference section */

/* Begin PBXFrameworksBuildPhase section */
		272BD4291A70CCE700983FBD /* Frameworks */ = {
			isa = PBXFrameworksBuildPhase;
			buildActionMask = 2147483647;
			files = (
			);
			runOnlyForDeploymentPostprocessing = 0;
		};
/* End PBXFrameworksBuildPhase section */

/* Begin PBXGroup section */
		272BD4231A70CCE700983FBD = {
			isa = PBXGroup;
			children = (
				272BD42E1A70CCE700983FBD /* CSCI580_RenderEngine */,
				272BD42D1A70CCE700983FBD /* Products */,
			);
			sourceTree = "<group>";
		};
		272BD42D1A70CCE700983FBD /* Products */ = {
			isa = PBXGroup;
			children = (
				272BD42C1A70CCE700983FBD /* CSCI580_RenderEngine */,
			);
			name = Products;
			sourceTree = "<group>";
		};
		272BD42E1A70CCE700983FBD /* CSCI580_RenderEngine */ = {
			isa = PBXGroup;
			children = (
				27DA42301ADDB335006ED86A /* OBJParser */,
				27DA422C1ADDADAC006ED86A /* PenInkIllustration */,
				27E248251AB1641F0069766E /* tex_fun.cpp */,
				27B9C8601AA622EA00B952EA /* Application3.cpp */,
				27B9C8611AA622EA00B952EA /* Application3.h */,
				27D7CEA71AA5B75F00AD9A3F /* Application4.cpp */,
				27D7CEA81AA5B75F00AD9A3F /* Application4.h */,
				275C42381A8E8BB700D7540D /* test */,
				272BD4421A70F11900983FBD /* lib */,
				27D1BF831A78546C008D3F7F /* rend.h */,
				27D1BF851A78546C008D3F7F /* rend.cpp */,
				2737E8231A743B140046B415 /* disp.cpp */,
				2737E8241A743B140046B415 /* disp.h */,
				2737E8261A743B140046B415 /* main.cpp */,
				27CAF8E31A7731AA00B6F793 /* gz.h */,
				27DA42291ADD97A2006ED86A /* PenInkApplication.cpp */,
				27DA422A1ADD97A2006ED86A /* PenInkApplication.h */,
			);
			path = CSCI580_RenderEngine;
			sourceTree = "<group>";
		};
		272BD4421A70F11900983FBD /* lib */ = {
			isa = PBXGroup;
			children = (
				272BD4431A70F12900983FBD /* mathLib.h */,
				272BD4441A70F14B00983FBD /* mathLib.cpp */,
			);
			name = lib;
			sourceTree = "<group>";
		};
		275C42381A8E8BB700D7540D /* test */ = {
			isa = PBXGroup;
			children = (
				275C42391A8E8BD800D7540D /* test.cpp */,
				275C423A1A8E8BD800D7540D /* test.h */,
			);
			name = test;
			sourceTree = "<group>";
		};
		27DA422C1ADDADAC006ED86A /* PenInkIllustration */ = {
			isa = PBXGroup;
			children = (
				27DA422D1ADDAEDE006ED86A /* stroke.cpp */,
				27DA422E1ADDAEDE006ED86A /* stroke.h */,
				27DA42341ADDC1A5006ED86A /* PenInkIllustrationInfo.cpp */,
				27DA42351ADDC1A5006ED86A /* PenInkIllustrationInfo.h */,
				271C052E1ADF3B2C008F4D05 /* planarMap.cpp */,
				271C052F1ADF3B2C008F4D05 /* planarMap.h */,
			);
			name = PenInkIllustration;
			sourceTree = "<group>";
		};
		27DA42301ADDB335006ED86A /* OBJParser */ = {
			isa = PBXGroup;
			children = (
				27DA42311ADDB378006ED86A /* OBJParser.cpp */,
				27DA42321ADDB378006ED86A /* OBJParser.h */,
			);
			name = OBJParser;
			sourceTree = "<group>";
		};
/* End PBXGroup section */

/* Begin PBXNativeTarget section */
		272BD42B1A70CCE700983FBD /* CSCI580_RenderEngine */ = {
			isa = PBXNativeTarget;
			buildConfigurationList = 272BD4331A70CCE700983FBD /* Build configuration list for PBXNativeTarget "CSCI580_RenderEngine" */;
			buildPhases = (
				272BD4281A70CCE700983FBD /* Sources */,
				272BD4291A70CCE700983FBD /* Frameworks */,
				272BD42A1A70CCE700983FBD /* CopyFiles */,
			);
			buildRules = (
			);
			dependencies = (
			);
			name = CSCI580_RenderEngine;
			productName = CSCI580_RenderEngine;
			productReference = 272BD42C1A70CCE700983FBD /* CSCI580_RenderEngine */;
			productType = "com.apple.product-type.tool";
		};
/* End PBXNativeTarget section */

/* Begin PBXProject section */
		272BD4241A70CCE700983FBD /* Project object */ = {
			isa = PBXProject;
			attributes = {
				LastUpgradeCheck = 0610;
				ORGANIZATIONNAME = tantianx;
				TargetAttributes = {
					272BD42B1A70CCE700983FBD = {
						CreatedOnToolsVersion = 6.1.1;
					};
				};
			};
			buildConfigurationList = 272BD4271A70CCE700983FBD /* Build configuration list for PBXProject "CSCI580_RenderEngine" */;
			compatibilityVersion = "Xcode 3.2";
			developmentRegion = English;
			hasScannedForEncodings = 0;
			knownRegions = (
				en,
			);
			mainGroup = 272BD4231A70CCE700983FBD;
			productRefGroup = 272BD42D1A70CCE700983FBD /* Products */;
			projectDirPath = "";
			projectRoot = "";
			targets = (
				272BD42B1A70CCE700983FBD /* CSCI580_RenderEngine */,
			);
		};
/* End PBXProject section */

/* Begin PBXSourcesBuildPhase section */
		272BD4281A70CCE700983FBD /* Sources */ = {
			isa = PBXSourcesBuildPhase;
			buildActionMask = 2147483647;
			files = (
				275C423B1A8E8BD800D7540D /* test.cpp in Sources */,
				27D1BF871A78546C008D3F7F /* rend.cpp in Sources */,
				271C05301ADF3B2C008F4D05 /* planarMap.cpp in Sources */,
				27DA422B1ADD97A2006ED86A /* PenInkApplication.cpp in Sources */,
				272BD4451A70F14B00983FBD /* mathLib.cpp in Sources */,
				27D7CEA91AA5B75F00AD9A3F /* Application4.cpp in Sources */,
				27DA42331ADDB378006ED86A /* OBJParser.cpp in Sources */,
				27DA42361ADDC1A5006ED86A /* PenInkIllustrationInfo.cpp in Sources */,
				27E248271AB1641F0069766E /* tex_fun.cpp in Sources */,
				27B9C8621AA622EA00B952EA /* Application3.cpp in Sources */,
				27DA422F1ADDAEDE006ED86A /* stroke.cpp in Sources */,
				2737E8291A743B140046B415 /* main.cpp in Sources */,
				2737E8281A743B140046B415 /* disp.cpp in Sources */,
			);
			runOnlyForDeploymentPostprocessing = 0;
		};
/* End PBXSourcesBuildPhase section */

/* Begin XCBuildConfiguration section */
		272BD4311A70CCE700983FBD /* Debug */ = {
			isa = XCBuildConfiguration;
			buildSettings = {
				ALWAYS_SEARCH_USER_PATHS = NO;
				CLANG_CXX_LANGUAGE_STANDARD = "gnu++0x";
				CLANG_CXX_LIBRARY = "libc++";
				CLANG_ENABLE_MODULES = YES;
				CLANG_ENABLE_OBJC_ARC = YES;
				CLANG_WARN_BOOL_CONVERSION = YES;
				CLANG_WARN_CONSTANT_CONVERSION = YES;
				CLANG_WARN_DIRECT_OBJC_ISA_USAGE = YES_ERROR;
				CLANG_WARN_EMPTY_BODY = YES;
				CLANG_WARN_ENUM_CONVERSION = YES;
				CLANG_WARN_INT_CONVERSION = YES;
				CLANG_WARN_OBJC_ROOT_CLASS = YES_ERROR;
				CLANG_WARN_UNREACHABLE_CODE = YES;
				CLANG_WARN__DUPLICATE_METHOD_MATCH = YES;
				COPY_PHASE_STRIP = NO;
				ENABLE_STRICT_OBJC_MSGSEND = YES;
				GCC_C_LANGUAGE_STANDARD = gnu99;
				GCC_DYNAMIC_NO_PIC = NO;
				GCC_OPTIMIZATION_LEVEL = 0;
				GCC_PREPROCESSOR_DEFINITIONS = (
					"DEBUG=1",
					"$(inherited)",
				);
				GCC_SYMBOLS_PRIVATE_EXTERN = NO;
				GCC_WARN_64_TO_32_BIT_CONVERSION = YES;
				GCC_WARN_ABOUT_RETURN_TYPE = YES_ERROR;
				GCC_WARN_UNDECLARED_SELECTOR = YES;
				GCC_WARN_UNINITIALIZED_AUTOS = YES_AGGRESSIVE;
				GCC_WARN_UNUSED_FUNCTION = YES;
				GCC_WARN_UNUSED_VARIABLE = YES;
				MACOSX_DEPLOYMENT_TARGET = 10.10;
				MTL_ENABLE_DEBUG_INFO = YES;
				ONLY_ACTIVE_ARCH = YES;
				SDKROOT = macosx;
			};
			name = Debug;
		};
		272BD4321A70CCE700983FBD /* Release */ = {
			isa = XCBuildConfiguration;
			buildSettings = {
				ALWAYS_SEARCH_USER_PATHS = NO;
				CLANG_CXX_LANGUAGE_STANDARD = "gnu++0x";
				CLANG_CXX_LIBRARY = "libc++";
				CLANG_ENABLE_MODULES = YES;
				CLANG_ENABLE_OBJC_ARC = YES;
				CLANG_WARN_BOOL_CONVERSION = YES;
				CLANG_WARN_CONSTANT_CONVERSION = YES;
				CLANG_WARN_DIRECT_OBJC_ISA_USAGE = YES_ERROR;
				CLANG_WARN_EMPTY_BODY = YES;
				CLANG_WARN_ENUM_CONVERSION = YES;
				CLANG_WARN_INT_CONVERSION = YES;
				CLANG_WARN_OBJC_ROOT_CLASS = YES_ERROR;
				CLANG_WARN_UNREACHABLE_CODE = YES;
				CLANG_WARN__DUPLICATE_METHOD_MATCH = YES;
				COPY_PHASE_STRIP = YES;
				DEBUG_INFORMATION_FORMAT = "dwarf-with-dsym";
				ENABLE_NS_ASSERTIONS = NO;
				ENABLE_STRICT_OBJC_MSGSEND = YES;
				GCC_C_LANGUAGE_STANDARD = gnu99;
				GCC_WARN_64_TO_32_BIT_CONVERSION = YES;
				GCC_WARN_ABOUT_RETURN_TYPE = YES_ERROR;
				GCC_WARN_UNDECLARED_SELECTOR = YES;
				GCC_WARN_UNINITIALIZED_AUTOS = YES_AGGRESSIVE;
				GCC_WARN_UNUSED_FUNCTION = YES;
				GCC_WARN_UNUSED_VARIABLE = YES;
				MACOSX_DEPLOYMENT_TARGET = 10.10;
				MTL_ENABLE_DEBUG_INFO = NO;
				SDKROOT = macosx;
			};
			name = Release;
		};
		272BD4341A70CCE700983FBD /* Debug */ = {
			isa = XCBuildConfiguration;
			buildSettings = {
				MACOSX_DEPLOYMENT_TARGET = 10.10;
				PRODUCT_NAME = "$(TARGET_NAME)";
			};
			name = Debug;
		};
		272BD4351A70CCE700983FBD /* Release */ = {
			isa = XCBuildConfiguration;
			buildSettings = {
				MACOSX_DEPLOYMENT_TARGET = 10.10;
				PRODUCT_NAME = "$(TARGET_NAME)";
			};
			name = Release;
		};
/* End XCBuildConfiguration section */

/* Begin XCConfigurationList section */
		272BD4271A70CCE700983FBD /* Build configuration list for PBXProject "CSCI580_RenderEngine" */ = {
			isa = XCConfigurationList;
			buildConfigurations = (
				272BD4311A70CCE700983FBD /* Debug */,
				272BD4321A70CCE700983FBD /* Release */,
			);
			defaultConfigurationIsVisible = 0;
			defaultConfigurationName = Release;
		};
		272BD4331A70CCE700983FBD /* Build configuration list for PBXNativeTarget "CSCI580_RenderEngine" */ = {
			isa = XCConfigurationList;
			buildConfigurations = (
				272BD4341A70CCE700983FBD /* Debug */,
				272BD4351A70CCE700983FBD /* Release */,
			);
			defaultConfigurationIsVisible = 0;
			defaultConfigurationName = Release;
		};
/* End XCConfigurationList section */
	};
	rootObject = 272BD4241A70CCE700983FBD /* Project object */;
}
